
Microsoft Visual Studio Solution File, Format Version 12.00
# Visual Studio Version 17
VisualStudioVersion = 17.9.34616.47
MinimumVisualStudioVersion = 10.0.40219.1
Project("{9A19103F-16F7-4668-BE54-9A1E7A4F7556}") = "SimuTester", "SimuTester\SimuTester.csproj", "{4903E52C-584E-4FC0-BD20-2E11DC2BA00A}"
EndProject
Project("{FAE04EC0-301F-11D3-BF4B-00C04F79EFBC}") = "ModControlSimu", "ModControlSimu\ModControlSimu.csproj", "{5EC104ED-7106-454B-86E9-51DE0C00C33C}"
EndProject
Global
	GlobalSection(SolutionConfigurationPlatforms) = preSolution
		Debug|Any CPU = Debug|Any CPU
		Release|Any CPU = Release|Any CPU
	EndGlobalSection
	GlobalSection(ProjectConfigurationPlatforms) = postSolution
		{4903E52C-584E-4FC0-BD20-2E11DC2BA00A}.Debug|Any CPU.ActiveCfg = Debug|Any CPU
		{4903E52C-584E-4FC0-BD20-2E11DC2BA00A}.Debug|Any CPU.Build.0 = Debug|Any CPU
		{4903E52C-584E-4FC0-BD20-2E11DC2BA00A}.Release|Any CPU.ActiveCfg = Release|Any CPU
		{4903E52C-584E-4FC0-BD20-2E11DC2BA00A}.Release|Any CPU.Build.0 = Release|Any CPU
		{5EC104ED-7106-454B-86E9-51DE0C00C33C}.Debug|Any CPU.ActiveCfg = Debug|Any CPU
		{5EC104ED-7106-454B-86E9-51DE0C00C33C}.Debug|Any CPU.Build.0 = Debug|Any CPU
		{5EC104ED-7106-454B-86E9-51DE0C00C33C}.Release|Any CPU.ActiveCfg = Release|Any CPU
		{5EC104ED-7106-454B-86E9-51DE0C00C33C}.Release|Any CPU.Build.0 = Release|Any CPU
	EndGlobalSection
	GlobalSection(SolutionProperties) = preSolution
		HideSolutionNode = FALSE
	EndGlobalSection
	GlobalSection(ExtensibilityGlobals) = postSolution
		SolutionGuid = {9E5935D3-EAC9-4DB1-BE26-A59AE798CD70}
	EndGlobalSection
EndGlobal
